{
  "name": "ing-test",
  "version": "1.0.0",
  "lockfileVersion": 1,
  "requires": true,
  "dependencies": {
    "@bundled-es-modules/message-format": {
      "version": "6.0.4",
      "resolved": "https://registry.npmjs.org/@bundled-es-modules/message-format/-/message-format-6.0.4.tgz",
      "integrity": "sha512-NGUoPxqsBzDwvRhY3A3L/AhS1hzS9OWappfyDOyCwE7G3W4ua28gau7QwvJz7QzA6ArbAdeb8c1mLjvd1WUFAA=="
    },
    "@lion/core": {
      "version": "0.17.0",
      "resolved": "https://registry.npmjs.org/@lion/core/-/core-0.17.0.tgz",
      "integrity": "sha512-s4z7qxzX+bgMPyxRiZcLuBd3BePPvQRkgTlUxKf+4ao0QBgebuNyoFHUWvZifuWH2gFmcORy3aL7+0HYNMkqoQ==",
      "requires": {
        "@open-wc/dedupe-mixin": "^1.2.18",
        "@open-wc/scoped-elements": "^1.3.3",
        "lit-element": "~2.4.0",
        "lit-html": "^1.3.0"
      }
    },
    "@lion/fieldset": {
      "version": "0.19.0",
      "resolved": "https://registry.npmjs.org/@lion/fieldset/-/fieldset-0.19.0.tgz",
      "integrity": "sha512-eok0btd3efGw+PaYAf/+ctmaspG+zGe6O+Z62VaOv+bq+vZa3Mh2wIaQ8Xu2E9mYmApbi8/hb2JYFckeV2Yc1A==",
      "requires": {
        "@lion/core": "0.17.0",
        "@lion/form-core": "0.12.0"
      }
    },
    "@lion/form": {
      "version": "0.11.0",
      "resolved": "https://registry.npmjs.org/@lion/form/-/form-0.11.0.tgz",
      "integrity": "sha512-Fq0jJJU5wZLl4PhcRQuPm1NtFho6jtIvmuXJdeS1JIcpN17+AqIHFE3PPLRA5GKL9TlEH/sSh06T3JxIeKYpbA==",
      "requires": {
        "@lion/fieldset": "0.19.0"
      }
    },
    "@lion/form-core": {
      "version": "0.12.0",
      "resolved": "https://registry.npmjs.org/@lion/form-core/-/form-core-0.12.0.tgz",
      "integrity": "sha512-OLT20RuEsxsbE+Jmn9LKJhl3xErUAUWkTDDupakf0m8gDZ2hUelolVt+MP0Z6ep3OhyOK4dCeZzt3yL+MJCo5A==",
      "requires": {
        "@lion/core": "0.17.0",
        "@lion/localize": "0.19.0"
      }
    },
    "@lion/input": {
      "version": "0.14.0",
      "resolved": "https://registry.npmjs.org/@lion/input/-/input-0.14.0.tgz",
      "integrity": "sha512-idN4vH6yMAsimJEg6F3bj03pUb63QTslJoxOz2gT9If2LeRpY84OoNV3z1Pr5cMbe/fTedHkX080iztiwfFhEg==",
      "requires": {
        "@lion/form-core": "0.12.0"
      }
    },
    "@lion/localize": {
      "version": "0.19.0",
      "resolved": "https://registry.npmjs.org/@lion/localize/-/localize-0.19.0.tgz",
      "integrity": "sha512-zkFu5j2eiZYxtmweM96psO7rvzMZqdaX6/+wQwABKGmKdg02I4h1kwdfFvRw5MWZNiFlftyxES/yMY/Q2VJZuA==",
      "requires": {
        "@bundled-es-modules/message-format": "6.0.4",
        "@lion/core": "0.17.0",
        "singleton-manager": "1.4.2"
      }
    },
    "@lion/steps": {
      "version": "0.8.3",
      "resolved": "https://registry.npmjs.org/@lion/steps/-/steps-0.8.3.tgz",
      "integrity": "sha512-Dl5mxzmDF/lI8vIVoeLg0j1pkDZWWa9eBVp2+rs3yC9XYuXiwt3agyewGHWP+dKUGM7SNCdHP7jTh9E5Fy/cuQ==",
      "requires": {
        "@lion/core": "0.17.0"
      }
    },
    "@open-wc/dedupe-mixin": {
      "version": "1.3.0",
      "resolved": "https://registry.npmjs.org/@open-wc/dedupe-mixin/-/dedupe-mixin-1.3.0.tgz",
      "integrity": "sha512-UfdK1MPnR6T7f3svzzYBfu3qBkkZ/KsPhcpc3JYhsUY4hbpwNF9wEQtD4Z+/mRqMTJrKg++YSxIxE0FBhY3RIw=="
    },
    "@open-wc/scoped-elements": {
      "version": "1.3.3",
      "resolved": "https://registry.npmjs.org/@open-wc/scoped-elements/-/scoped-elements-1.3.3.tgz",
      "integrity": "sha512-vFIQVYYjFw67odUE4JzZOpctnF7S/2DX+S+clrL3bQPql7HvEnV0wMFwOWUavQTuCJi0rfU8GTcNMiUybio+Yg==",
      "requires": {
        "@open-wc/dedupe-mixin": "^1.3.0",
        "lit-html": "^1.0.0"
      }
    },
    "lit-element": {
      "version": "2.4.0",
      "resolved": "https://registry.npmjs.org/lit-element/-/lit-element-2.4.0.tgz",
      "integrity": "sha512-pBGLglxyhq/Prk2H91nA0KByq/hx/wssJBQFiYqXhGDvEnY31PRGYf1RglVzyLeRysu0IHm2K0P196uLLWmwFg==",
      "requires": {
        "lit-html": "^1.1.1"
      }
    },
    "lit-html": {
      "version": "1.4.0",
      "resolved": "https://registry.npmjs.org/lit-html/-/lit-html-1.4.0.tgz",
      "integrity": "sha512-cgaqPSgqHRaTH/P1DnWD/dQxudtrHqD0xo1AoyOGJZir2rXgsvTg77z6Pitwk9B+kL23EakD62HV3x8sT01aWQ=="
    },
    "mime": {
      "version": "2.5.2",
      "resolved": "https://registry.npmjs.org/mime/-/mime-2.5.2.tgz",
      "integrity": "sha512-tqkh47FzKeCPD2PUiPB6pkbMzsCasjxAfC62/Wap5qrUWcb+sFasXUC5I3gYM5iBM8v/Qpn4UK0x+j0iHyFPDg==",
      "dev": true
    },
    "opener": {
      "version": "1.5.2",
      "resolved": "https://registry.npmjs.org/opener/-/opener-1.5.2.tgz",
      "integrity": "sha512-ur5UIdyw5Y7yEj9wLzhqXiy6GZ3Mwx0yGI+5sMn2r0N0v3cKJvUmFH5yPP+WXh9e0xfyzyJX95D8l088DNFj7A==",
      "dev": true
    },
    "rollup-plugin-serve": {
      "version": "1.1.0",
      "resolved": "https://registry.npmjs.org/rollup-plugin-serve/-/rollup-plugin-serve-1.1.0.tgz",
      "integrity": "sha512-pYkSsuA0/psKqhhictkJw1c2klya5b+LlCvipWqI9OE1aG2M97mRumZCbBlry5CMEOzYBBgSDgd1694sNbmyIw==",
      "dev": true,
      "requires": {
        "mime": ">=2.4.6",
        "opener": "1"
      }
    },
    "singleton-manager": {
      "version": "1.4.2",
      "resolved": "https://registry.npmjs.org/singleton-manager/-/singleton-manager-1.4.2.tgz",
      "integrity": "sha512-3/K7K61TiN0+tw32HRC3AZQBacN0Ky/NmHEnhofFPEFROqZ5T6BXK45Z94OQsvuFD2euOVOU40XDNeTal63Baw=="
    }
  }
}
